
Microsoft Visual Studio Solution File, Format Version 12.00
# Visual Studio Version 16
VisualStudioVersion = 16.0.31515.178
MinimumVisualStudioVersion = 10.0.40219.1
Project("{FAE04EC0-301F-11D3-BF4B-00C04F79EFBC}") = "Chicago.Api", "Chicago.Api\Chicago.Api.csproj", "{EEEA7E08-6ECA-4848-B531-9AD15B67DD11}"
EndProject
Project("{FAE04EC0-301F-11D3-BF4B-00C04F79EFBC}") = "Chicago.Dal", "Chicago.Dal\Chicago.Dal.csproj", "{97927DF8-7837-4EF8-ADC2-A432CE1C05C3}"
EndProject
Project("{FAE04EC0-301F-11D3-BF4B-00C04F79EFBC}") = "Chicago.Bll", "Chicago.Bll\Chicago.Bll.csproj", "{3B516E56-72AC-4D0F-9596-DFAD291E4C02}"
EndProject
Global
	GlobalSection(SolutionConfigurationPlatforms) = preSolution
		Debug|Any CPU = Debug|Any CPU
		Release|Any CPU = Release|Any CPU
	EndGlobalSection
	GlobalSection(ProjectConfigurationPlatforms) = postSolution
		{EEEA7E08-6ECA-4848-B531-9AD15B67DD11}.Debug|Any CPU.ActiveCfg = Debug|Any CPU
		{EEEA7E08-6ECA-4848-B531-9AD15B67DD11}.Debug|Any CPU.Build.0 = Debug|Any CPU
		{EEEA7E08-6ECA-4848-B531-9AD15B67DD11}.Release|Any CPU.ActiveCfg = Release|Any CPU
		{EEEA7E08-6ECA-4848-B531-9AD15B67DD11}.Release|Any CPU.Build.0 = Release|Any CPU
		{97927DF8-7837-4EF8-ADC2-A432CE1C05C3}.Debug|Any CPU.ActiveCfg = Debug|Any CPU
		{97927DF8-7837-4EF8-ADC2-A432CE1C05C3}.Debug|Any CPU.Build.0 = Debug|Any CPU
		{97927DF8-7837-4EF8-ADC2-A432CE1C05C3}.Release|Any CPU.ActiveCfg = Release|Any CPU
		{97927DF8-7837-4EF8-ADC2-A432CE1C05C3}.Release|Any CPU.Build.0 = Release|Any CPU
		{3B516E56-72AC-4D0F-9596-DFAD291E4C02}.Debug|Any CPU.ActiveCfg = Debug|Any CPU
		{3B516E56-72AC-4D0F-9596-DFAD291E4C02}.Debug|Any CPU.Build.0 = Debug|Any CPU
		{3B516E56-72AC-4D0F-9596-DFAD291E4C02}.Release|Any CPU.ActiveCfg = Release|Any CPU
		{3B516E56-72AC-4D0F-9596-DFAD291E4C02}.Release|Any CPU.Build.0 = Release|Any CPU
	EndGlobalSection
	GlobalSection(SolutionProperties) = preSolution
		HideSolutionNode = FALSE
	EndGlobalSection
	GlobalSection(ExtensibilityGlobals) = postSolution
		SolutionGuid = {9F5746DC-5180-420A-9FC6-6CD6D979A68F}
	EndGlobalSection
EndGlobal
